
Microsoft Visual Studio Solution File, Format Version 12.00
# Visual Studio 14
VisualStudioVersion = 14.0.25420.1
MinimumVisualStudioVersion = 10.0.40219.1
Project("{FAE04EC0-301F-11D3-BF4B-00C04F79EFBC}") = "DataBaseService", "DataBaseService\DataBaseService.csproj", "{0A6EA994-6280-45E3-B0EA-6351B622BFDC}"
EndProject
Project("{FAE04EC0-301F-11D3-BF4B-00C04F79EFBC}") = "WindowsFormsUsers", "WindowsFormsUsers\WindowsFormsUsers.csproj", "{FF81427C-58C1-4903-B39C-51D9C55E3A9F}"
EndProject
Project("{54435603-DBB4-11D2-8724-00A0C9A8B90C}") = "UserAdministration", "UserAdministration\UserAdministration.vdproj", "{9C396172-1E5C-40D5-BA44-5412266889CC}"
EndProject
Global
	GlobalSection(SolutionConfigurationPlatforms) = preSolution
		Debug|Any CPU = Debug|Any CPU
		Release|Any CPU = Release|Any CPU
	EndGlobalSection
	GlobalSection(ProjectConfigurationPlatforms) = postSolution
		{0A6EA994-6280-45E3-B0EA-6351B622BFDC}.Debug|Any CPU.ActiveCfg = Debug|Any CPU
		{0A6EA994-6280-45E3-B0EA-6351B622BFDC}.Debug|Any CPU.Build.0 = Debug|Any CPU
		{0A6EA994-6280-45E3-B0EA-6351B622BFDC}.Release|Any CPU.ActiveCfg = Release|Any CPU
		{0A6EA994-6280-45E3-B0EA-6351B622BFDC}.Release|Any CPU.Build.0 = Release|Any CPU
		{FF81427C-58C1-4903-B39C-51D9C55E3A9F}.Debug|Any CPU.ActiveCfg = Debug|Any CPU
		{FF81427C-58C1-4903-B39C-51D9C55E3A9F}.Debug|Any CPU.Build.0 = Debug|Any CPU
		{FF81427C-58C1-4903-B39C-51D9C55E3A9F}.Release|Any CPU.ActiveCfg = Release|Any CPU
		{FF81427C-58C1-4903-B39C-51D9C55E3A9F}.Release|Any CPU.Build.0 = Release|Any CPU
		{9C396172-1E5C-40D5-BA44-5412266889CC}.Debug|Any CPU.ActiveCfg = Debug
		{9C396172-1E5C-40D5-BA44-5412266889CC}.Release|Any CPU.ActiveCfg = Release
	EndGlobalSection
	GlobalSection(SolutionProperties) = preSolution
		HideSolutionNode = FALSE
	EndGlobalSection
EndGlobal
